
Microsoft Visual Studio Solution File, Format Version 12.00
# Visual Studio 14
VisualStudioVersion = 14.0.25123.0
MinimumVisualStudioVersion = 10.0.40219.1
Project("{84BF63B3-690C-423D-8195-BA5E5F624CC0}") = "Sitecore.Support.436260", "Sitecore.Support.436260\Sitecore.Support.436260.csproj", "{6BDBE356-9EF3-4D74-B9AB-D8012557CA79}"
EndProject
Global
	GlobalSection(SolutionConfigurationPlatforms) = preSolution
		Debug|Any CPU = Debug|Any CPU
		Release|Any CPU = Release|Any CPU
	EndGlobalSection
	GlobalSection(ProjectConfigurationPlatforms) = postSolution
		{6BDBE356-9EF3-4D74-B9AB-D8012557CA79}.Debug|Any CPU.ActiveCfg = Debug|Any CPU
		{6BDBE356-9EF3-4D74-B9AB-D8012557CA79}.Debug|Any CPU.Build.0 = Debug|Any CPU
		{6BDBE356-9EF3-4D74-B9AB-D8012557CA79}.Release|Any CPU.ActiveCfg = Release|Any CPU
		{6BDBE356-9EF3-4D74-B9AB-D8012557CA79}.Release|Any CPU.Build.0 = Release|Any CPU
	EndGlobalSection
	GlobalSection(SolutionProperties) = preSolution
		HideSolutionNode = FALSE
	EndGlobalSection
EndGlobal
